{
  "name": "@convergence/examples",
  "version": "0.2.1",
  "lockfileVersion": 1,
  "requires": true,
  "dependencies": {
    "@convergence/ace-collab-ext": {
      "version": "0.3.0",
      "resolved": "https://registry.npmjs.org/@convergence/ace-collab-ext/-/ace-collab-ext-0.3.0.tgz",
      "integrity": "sha512-ogGbx4l53uzmB3xEks6L1ZSEhvFr+PgTOGcLHMciGKBs5vpnsHiCzh0Nt0af1FL0Pnb1lJVV5IJdypIes6Yohw==",
      "dev": true,
      "requires": {
        "brace": "0.11.1"
      }
    },
    "@convergence/color-assigner": {
      "version": "0.3.0",
      "resolved": "https://registry.npmjs.org/@convergence/color-assigner/-/color-assigner-0.3.0.tgz",
      "integrity": "sha512-h+YZjqW6GfFOwSyZpH7KT+a7VrvXt2suZeBL2d0Wcd4kONDwtuVtyzKowLyikrobDJctAu/RhtW7CjhvEJL+CQ==",
      "dev": true,
      "requires": {
        "csscolorparser": "1.0.3"
      }
    },
    "@convergence/convergence": {
      "version": "1.0.0-rc.7",
      "resolved": "https://registry.npmjs.org/@convergence/convergence/-/convergence-1.0.0-rc.7.tgz",
      "integrity": "sha512-p/U38jWDCM8UrStpHSUSVAsePrSOXGjOd1RHwxwXjU4xwVo4yTLPkrq9RjXrb7VV+FGwczadtxNVtlSJoowKSw==",
      "dev": true,
      "requires": {
        "protobufjs": "^6.9.0",
        "rxjs": "^6.5.5"
      },
      "dependencies": {
        "@types/long": {
          "version": "4.0.1",
          "resolved": "https://registry.npmjs.org/@types/long/-/long-4.0.1.tgz",
          "integrity": "sha512-5tXH6Bx/kNGd3MgffdmP4dy2Z+G4eaXw0SE81Tq3BNadtnMR5/ySMzX4SLEzHJzSmPNn4HIdpQsBvXMUykr58w==",
          "dev": true
        },
        "@types/node": {
          "version": "13.13.13",
          "resolved": "https://registry.npmjs.org/@types/node/-/node-13.13.13.tgz",
          "integrity": "sha512-UfvBE9oRCAJVzfR+3eWm/sdLFe/qroAPEXP3GPJ1SehQiEVgZT6NQZWYbPMiJ3UdcKM06v4j+S1lTcdWCmw+3g==",
          "dev": true
        },
        "protobufjs": {
          "version": "6.9.0",
          "resolved": "https://registry.npmjs.org/protobufjs/-/protobufjs-6.9.0.tgz",
          "integrity": "sha512-LlGVfEWDXoI/STstRDdZZKb/qusoAWUnmLg9R8OLSO473mBLWHowx8clbX5/+mKDEI+v7GzjoK9tRPZMMcoTrg==",
          "dev": true,
          "requires": {
            "@protobufjs/aspromise": "^1.1.2",
            "@protobufjs/base64": "^1.1.2",
            "@protobufjs/codegen": "^2.0.4",
            "@protobufjs/eventemitter": "^1.1.0",
            "@protobufjs/fetch": "^1.1.0",
            "@protobufjs/float": "^1.0.2",
            "@protobufjs/inquire": "^1.1.0",
            "@protobufjs/path": "^1.1.2",
            "@protobufjs/pool": "^1.1.0",
            "@protobufjs/utf8": "^1.1.0",
            "@types/long": "^4.0.1",
            "@types/node": "^13.7.0",
            "long": "^4.0.0"
          }
        },
        "rxjs": {
          "version": "6.6.0",
          "resolved": "https://registry.npmjs.org/rxjs/-/rxjs-6.6.0.tgz",
          "integrity": "sha512-3HMA8z/Oz61DUHe+SdOiQyzIf4tOx5oQHmMir7IZEu6TMqCLHT4LRcmNaUS0NwOz8VLvmmBduMsoaUvMaIiqzg==",
          "dev": true,
          "requires": {
            "tslib": "^1.9.0"
          }
        }
      }
    },
    "@convergence/dom-utils": {
      "version": "0.2.3",
      "resolved": "https://registry.npmjs.org/@convergence/dom-utils/-/dom-utils-0.2.3.tgz",
      "integrity": "sha1-+airMZ0qnRVuvXEVjhmeVfotaLI=",
      "dev": true,
      "requires": {
        "@convergence/convergence": "^1.0.0-alpha.29",
        "@convergence/string-change-detector": "0.1.7"
      },
      "dependencies": {
        "@convergence/convergence": {
          "version": "1.0.0-rc.3",
          "resolved": "https://nexus.dev.convergencelabs.tech/repository/npm-all/@convergence/convergence/-/convergence-1.0.0-rc.3.tgz",
          "integrity": "sha512-WTkWG0Wy+ciVRyE3ObtwsBGPXvdRqIjZU5K5hG2R3nUfUcIC5Q3TufDshSnL2QQryV/+zyNR074kydfU4FfPVg==",
          "dev": true,
          "requires": {
            "protobufjs": "^6.8.8",
            "rxjs": "^6.3.3"
          }
        }
      }
    },
    "@convergence/html-text-collab-ext": {
      "version": "0.2.0",
      "resolved": "https://registry.npmjs.org/@convergence/html-text-collab-ext/-/html-text-collab-ext-0.2.0.tgz",
      "integrity": "sha512-2ULHw5lM60T2jPWx5xEAAB88rmjxAtQEIfACuNV3LlAcysLyLQPS+VVuHawSYZK3PTL2dxZXwZQ5coikMU6J2g==",
      "dev": true
    },
    "@convergence/input-element-bindings": {
      "version": "0.4.0",
      "resolved": "https://registry.npmjs.org/@convergence/input-element-bindings/-/input-element-bindings-0.4.0.tgz",
      "integrity": "sha512-nExUIYoRDRnqnum0eJmx6PbI+kNcF7+gRdRTDJERrf730AVKUygsfI8L78M/pKbxOfv+MeQtUlEXPnn76DrXpw==",
      "dev": true,
      "requires": {
        "@convergence/convergence": "^1.0.0-rc.7",
        "@convergence/string-change-detector": "^0.1.8"
      },
      "dependencies": {
        "@convergence/string-change-detector": {
          "version": "0.1.8",
          "resolved": "https://registry.npmjs.org/@convergence/string-change-detector/-/string-change-detector-0.1.8.tgz",
          "integrity": "sha1-7hiQcwWcwsBipZjxV1vY2JK5c4k=",
          "dev": true
        }
      }
    },
    "@convergence/jointjs-utils": {
      "version": "0.6.0",
      "resolved": "https://registry.npmjs.org/@convergence/jointjs-utils/-/jointjs-utils-0.6.0.tgz",
      "integrity": "sha512-lnlk14UIBEu25pQ4hUCJugyTz4Z16RobBsI8S2RqF9dX/9gt/CT00/pn1/mxNsGiAOTLoEbnJJisCQMuNAJT+A==",
      "dev": true,
      "requires": {
        "@convergence/color-assigner": "0.3.0",
        "@convergence/convergence": "^1.0.0-rc.7",
        "jointjs": "3.3.1"
      }
    },
    "@convergence/mxgraph-adapter": {
      "version": "0.1.0",
      "resolved": "https://registry.npmjs.org/@convergence/mxgraph-adapter/-/mxgraph-adapter-0.1.0.tgz",
      "integrity": "sha512-hpF9HcECKvyGKDEXHzUuSl4rqh8xxWEf4ZI7Ea0EOToQ9pfH0SHUap5zOR6jIPQs7W3H1EhSF6cv4h9fE+84pw==",
      "dev": true,
      "requires": {
        "@convergence/color-assigner": "0.3.0",
        "@convergence/convergence": "1.0.0-rc.1",
        "mxgraph": "^3.9.12"
      },
      "dependencies": {
        "@convergence/convergence": {
          "version": "1.0.0-rc.1",
          "resolved": "https://registry.npmjs.org/@convergence/convergence/-/convergence-1.0.0-rc.1.tgz",
          "integrity": "sha512-LEZXleLIeQTiQg+ekWn/+lIVcoqjwiNii/2bPJQdS5bkP8DoPyrFrc/qq9Y2Sxa08d1jBav6Q3M3mwOmUPIqNA==",
          "dev": true,
          "requires": {
            "protobufjs": "^6.8.8",
            "rxjs": "^6.3.3"
          }
        }
      }
    },
    "@convergence/string-change-detector": {
      "version": "0.1.7",
      "resolved": "https://registry.npmjs.org/@convergence/string-change-detector/-/string-change-detector-0.1.7.tgz",
      "integrity": "sha1-x1SEa+5vk7jBzw6LOftIJvD5/sY=",
      "dev": true
    },
    "@convergencelabs/codemirror-collab-ext": {
      "version": "0.1.2",
      "resolved": "https://registry.npmjs.org/@convergencelabs/codemirror-collab-ext/-/codemirror-collab-ext-0.1.2.tgz",
      "integrity": "sha512-jysEMToImIQtMuhmNy4IN9C5/z5y5yNQTngz1etKxlT0lp2RYmPTYP5zbxSTJ1BiibBOjL8l3DoTsPqRVz7fpw==",
      "dev": true,
      "requires": {
        "@ctrl/tinycolor": "2.5.4",
        "@types/codemirror": "0.0.81",
        "codemirror": "5.49.2"
      },
      "dependencies": {
        "codemirror": {
          "version": "5.49.2",
          "resolved": "https://registry.npmjs.org/codemirror/-/codemirror-5.49.2.tgz",
          "integrity": "sha512-dwJ2HRPHm8w51WB5YTF9J7m6Z5dtkqbU9ntMZ1dqXyFB9IpjoUFDj80ahRVEoVanfIp6pfASJbOlbWdEf8FOzQ==",
          "dev": true
        }
      }
    },
    "@convergencelabs/monaco-collab-ext": {
      "version": "0.2.0",
      "resolved": "https://registry.npmjs.org/@convergencelabs/monaco-collab-ext/-/monaco-collab-ext-0.2.0.tgz",
      "integrity": "sha512-Vr9/D/KQ3tm/bWPxKo0coW9mQ6hIhjuAeU9SjRCmaytmq+xdI1MdXJUSgROlUNCNtkZoReDWUnjinFZTFhCbnw==",
      "dev": true,
      "requires": {
        "monaco-editor": "^0.15.6"
      }
    },
    "@ctrl/tinycolor": {
      "version": "2.5.4",
      "resolved": "https://registry.npmjs.org/@ctrl/tinycolor/-/tinycolor-2.5.4.tgz",
      "integrity": "sha512-PXqAcLD6R8GL8dFcls728HrYzDdYN60U8RXvc39wmOs1pJIcyc3g+dleWu+fGgLnEGG4SwblEUu+EF4/dH/2ew==",
      "dev": true
    },
    "@fortawesome/fontawesome-free": {
      "version": "5.7.2",
      "resolved": "https://registry.npmjs.org/@fortawesome/fontawesome-free/-/fontawesome-free-5.7.2.tgz",
      "integrity": "sha512-Ha4HshKdCVKgu4TVCtG8XyPPYdzTzNW4/fvPnn+LT7AosRABryhlRv4cc4+o84dgpvVJN9reN7jo/c+nYujFug==",
      "dev": true
    },
    "@protobufjs/aspromise": {
      "version": "1.1.2",
      "resolved": "https://registry.npmjs.org/@protobufjs/aspromise/-/aspromise-1.1.2.tgz",
      "integrity": "sha1-m4sMxmPWaafY9vXQiToU00jzD78=",
      "dev": true
    },
    "@protobufjs/base64": {
      "version": "1.1.2",
      "resolved": "https://registry.npmjs.org/@protobufjs/base64/-/base64-1.1.2.tgz",
      "integrity": "sha512-AZkcAA5vnN/v4PDqKyMR5lx7hZttPDgClv83E//FMNhR2TMcLUhfRUBHCmSl0oi9zMgDDqRUJkSxO3wm85+XLg==",
      "dev": true
    },
    "@protobufjs/codegen": {
      "version": "2.0.4",
      "resolved": "https://registry.npmjs.org/@protobufjs/codegen/-/codegen-2.0.4.tgz",
      "integrity": "sha512-YyFaikqM5sH0ziFZCN3xDC7zeGaB/d0IUb9CATugHWbd1FRFwWwt4ld4OYMPWu5a3Xe01mGAULCdqhMlPl29Jg==",
      "dev": true
    },
    "@protobufjs/eventemitter": {
      "version": "1.1.0",
      "resolved": "https://registry.npmjs.org/@protobufjs/eventemitter/-/eventemitter-1.1.0.tgz",
      "integrity": "sha1-NVy8mLr61ZePntCV85diHx0Ga3A=",
      "dev": true
    },
    "@protobufjs/fetch": {
      "version": "1.1.0",
      "resolved": "https://registry.npmjs.org/@protobufjs/fetch/-/fetch-1.1.0.tgz",
      "integrity": "sha1-upn7WYYUr2VwDBYZ/wbUVLDYTEU=",
      "dev": true,
      "requires": {
        "@protobufjs/aspromise": "^1.1.1",
        "@protobufjs/inquire": "^1.1.0"
      }
    },
    "@protobufjs/float": {
      "version": "1.0.2",
      "resolved": "https://registry.npmjs.org/@protobufjs/float/-/float-1.0.2.tgz",
      "integrity": "sha1-Xp4avctz/Ap8uLKR33jIy9l7h9E=",
      "dev": true
    },
    "@protobufjs/inquire": {
      "version": "1.1.0",
      "resolved": "https://registry.npmjs.org/@protobufjs/inquire/-/inquire-1.1.0.tgz",
      "integrity": "sha1-/yAOPnzyQp4tyvwRQIKOjMY48Ik=",
      "dev": true
    },
    "@protobufjs/path": {
      "version": "1.1.2",
      "resolved": "https://registry.npmjs.org/@protobufjs/path/-/path-1.1.2.tgz",
      "integrity": "sha1-bMKyDFya1q0NzP0hynZz2Nf79o0=",
      "dev": true
    },
    "@protobufjs/pool": {
      "version": "1.1.0",
      "resolved": "https://registry.npmjs.org/@protobufjs/pool/-/pool-1.1.0.tgz",
      "integrity": "sha1-Cf0V8tbTq/qbZbw2ZQbWrXhG/1Q=",
      "dev": true
    },
    "@protobufjs/utf8": {
      "version": "1.1.0",
      "resolved": "https://registry.npmjs.org/@protobufjs/utf8/-/utf8-1.1.0.tgz",
      "integrity": "sha1-p3c2C1s5oaLlEG+OhY8v0tBgxXA=",
      "dev": true
    },
    "@types/codemirror": {
      "version": "0.0.81",
      "resolved": "https://registry.npmjs.org/@types/codemirror/-/codemirror-0.0.81.tgz",
      "integrity": "sha512-QoeIb9tn/TZp0IzNyMKlcwHR6pHxNoIW9mKqF7asAsj+AWqpFOEUsxia756L6WKBQNk2psHpu+aFuIFqo3Ac0A==",
      "dev": true,
      "requires": {
        "@types/tern": "*"
      }
    },
    "@types/estree": {
      "version": "0.0.40",
      "resolved": "https://registry.npmjs.org/@types/estree/-/estree-0.0.40.tgz",
      "integrity": "sha512-p3KZgMto/JyxosKGmnLDJ/dG5wf+qTRMUjHJcspC2oQKa4jP7mz+tv0ND56lLBu3ojHlhzY33Ol+khLyNmilkA==",
      "dev": true
    },
    "@types/jquery": {
      "version": "3.3.31",
      "resolved": "https://registry.npmjs.org/@types/jquery/-/jquery-3.3.31.tgz",
      "integrity": "sha512-Lz4BAJihoFw5nRzKvg4nawXPzutkv7wmfQ5121avptaSIXlDNJCUuxZxX/G+9EVidZGuO0UBlk+YjKbwRKJigg==",
      "dev": true,
      "requires": {
        "@types/sizzle": "*"
      }
    },
    "@types/linkify-it": {
      "version": "2.1.0",
      "resolved": "https://registry.npmjs.org/@types/linkify-it/-/linkify-it-2.1.0.tgz",
      "integrity": "sha512-Q7DYAOi9O/+cLLhdaSvKdaumWyHbm7HAk/bFwwyTuU0arR5yyCeW5GOoqt4tJTpDRxhpx9Q8kQL6vMpuw9hDSw==",
      "dev": true
    },
    "@types/long": {
      "version": "4.0.0",
      "resolved": "https://registry.npmjs.org/@types/long/-/long-4.0.0.tgz",
      "integrity": "sha512-1w52Nyx4Gq47uuu0EVcsHBxZFJgurQ+rTKS3qMHxR1GY2T8c2AJYd6vZoZ9q1rupaDjU0yT+Jc2XTyXkjeMA+Q==",
      "dev": true
    },
    "@types/markdown-it": {
      "version": "0.0.7",
      "resolved": "https://registry.npmjs.org/@types/markdown-it/-/markdown-it-0.0.7.tgz",
      "integrity": "sha512-WyL6pa76ollQFQNEaLVa41ZUUvDvPY+qAUmlsphnrpL6I9p1m868b26FyeoOmo7X3/Ta/S9WKXcEYXUSHnxoVQ==",
      "dev": true,
      "requires": {
        "@types/linkify-it": "*"
      }
    },
    "@types/node": {
      "version": "10.14.1",
      "resolved": "https://registry.npmjs.org/@types/node/-/node-10.14.1.tgz",
      "integrity": "sha512-Rymt08vh1GaW4vYB6QP61/5m/CFLGnFZP++bJpWbiNxceNa6RBipDmb413jvtSf/R1gg5a/jQVl2jY4XVRscEA==",
      "dev": true
    },
    "@types/sizzle": {
      "version": "2.3.2",
      "resolved": "https://registry.npmjs.org/@types/sizzle/-/sizzle-2.3.2.tgz",
      "integrity": "sha512-7EJYyKTL7tFR8+gDbB6Wwz/arpGa0Mywk1TJbNzKzHtzbwVmY4HR9WqS5VV7dsBUKQmPNr192jHr/VpBluj/hg==",
      "dev": true
    },
    "@types/tern": {
      "version": "0.23.3",
      "resolved": "https://registry.npmjs.org/@types/tern/-/tern-0.23.3.tgz",
      "integrity": "sha512-imDtS4TAoTcXk0g7u4kkWqedB3E4qpjXzCpD2LU5M5NAXHzCDsypyvXSaG7mM8DKYkCRa7tFp4tS/lp/Wo7Q3w==",
      "dev": true,
      "requires": {
        "@types/estree": "*"
      }
    },
    "ace-builds": {
      "version": "1.4.2",
      "resolved": "https://registry.npmjs.org/ace-builds/-/ace-builds-1.4.2.tgz",
      "integrity": "sha512-M1JtZctO2Zg+1qeGUFZXtYKsyaRptqQtqpVzlj80I0NzGW9MF3um0DBuizIvQlrPYUlTdm+wcOPZpZoerkxQdA==",
      "dev": true
    },
    "anymatch": {
      "version": "3.1.0",
      "resolved": "https://nexus.dev.convergencelabs.tech/repository/npm-all/anymatch/-/anymatch-3.1.0.tgz",
      "integrity": "sha512-Ozz7l4ixzI7Oxj2+cw+p0tVUt27BpaJ+1+q1TCeANWxHpvyn2+Un+YamBdfKu0uh8xLodGhoa1v7595NhKDAuA==",
      "dev": true,
      "requires": {
        "normalize-path": "^3.0.0",
        "picomatch": "^2.0.4"
      }
    },
    "argparse": {
      "version": "1.0.10",
      "resolved": "https://registry.npmjs.org/argparse/-/argparse-1.0.10.tgz",
      "integrity": "sha512-o5Roy6tNG4SL/FOkCAN6RzjiakZS25RLYFrcMttJqbdd8BWrnA+fGz57iN5Pb06pvBGvl5gQ0B48dJlslXvoTg==",
      "dev": true,
      "requires": {
        "sprintf-js": "~1.0.2"
      }
    },
    "babel-polyfill": {
      "version": "6.26.0",
      "resolved": "https://registry.npmjs.org/babel-polyfill/-/babel-polyfill-6.26.0.tgz",
      "integrity": "sha1-N5k3q8Z9eJWXCtxiHyhM2WbPIVM=",
      "dev": true,
      "requires": {
        "babel-runtime": "^6.26.0",
        "core-js": "^2.5.0",
        "regenerator-runtime": "^0.10.5"
      }
    },
    "babel-runtime": {
      "version": "6.26.0",
      "resolved": "https://registry.npmjs.org/babel-runtime/-/babel-runtime-6.26.0.tgz",
      "integrity": "sha1-llxwWGaOgrVde/4E/yM3vItWR/4=",
      "dev": true,
      "requires": {
        "core-js": "^2.4.0",
        "regenerator-runtime": "^0.11.0"
      },
      "dependencies": {
        "regenerator-runtime": {
          "version": "0.11.1",
          "resolved": "https://registry.npmjs.org/regenerator-runtime/-/regenerator-runtime-0.11.1.tgz",
          "integrity": "sha512-MguG95oij0fC3QV3URf4V2SDYGJhJnJGqvIIgdECeODCT98wSWDAJ94SSuVpYQUoTcGUIL6L4yNB7j1DFFHSBg==",
          "dev": true
        }
      }
    },
    "backbone": {
      "version": "1.4.0",
      "resolved": "https://registry.npmjs.org/backbone/-/backbone-1.4.0.tgz",
      "integrity": "sha512-RLmDrRXkVdouTg38jcgHhyQ/2zjg7a8E6sz2zxfz21Hh17xDJYUHBZimVIt5fUyS8vbfpeSmTL3gUjTEvUV3qQ==",
      "dev": true,
      "requires": {
        "underscore": ">=1.8.3"
      }
    },
    "binary-extensions": {
      "version": "2.0.0",
      "resolved": "https://registry.npmjs.org/binary-extensions/-/binary-extensions-2.0.0.tgz",
      "integrity": "sha512-Phlt0plgpIIBOGTT/ehfFnbNlfsDEiqmzE2KRXoX1bLIlir4X/MR+zSyBEkL05ffWgnRSf/DXv+WrUAVr93/ow==",
      "dev": true
    },
    "bootstrap": {
      "version": "4.3.1",
      "resolved": "https://registry.npmjs.org/bootstrap/-/bootstrap-4.3.1.tgz",
      "integrity": "sha512-rXqOmH1VilAt2DyPzluTi2blhk17bO7ef+zLLPlWvG494pDxcM234pJ8wTc/6R40UWizAIIMgxjvxZg5kmsbag==",
      "dev": true
    },
    "brace": {
      "version": "0.11.1",
      "resolved": "https://registry.npmjs.org/brace/-/brace-0.11.1.tgz",
      "integrity": "sha1-SJb8ydVE7vRfS7dmDbMg07N5/lg=",
      "dev": true
    },
    "braces": {
      "version": "3.0.2",
      "resolved": "https://registry.npmjs.org/braces/-/braces-3.0.2.tgz",
      "integrity": "sha512-b8um+L1RzM3WDSzvhm6gIz1yfTbBt6YTlcEKAvsmqCZZFw46z626lVj9j1yEPW33H5H+lBQpZMP1k8l+78Ha0A==",
      "dev": true,
      "requires": {
        "fill-range": "^7.0.1"
      }
    },
    "chart.js": {
      "version": "3.2.1",
      "resolved": "https://registry.npmjs.org/chart.js/-/chart.js-3.2.1.tgz",
      "integrity": "sha512-XsNDf3854RGZkLCt+5vWAXGAtUdKP2nhfikLGZqud6G4CvRE2ts64TIxTTfspOin2kEZvPgomE29E6oU02dYjQ==",
      "dev": true
    },
    "chokidar": {
      "version": "3.0.2",
      "resolved": "https://nexus.dev.convergencelabs.tech/repository/npm-all/chokidar/-/chokidar-3.0.2.tgz",
      "integrity": "sha512-c4PR2egjNjI1um6bamCQ6bUNPDiyofNQruHvKgHQ4gDUP/ITSVSzNsiI5OWtHOsX323i5ha/kk4YmOZ1Ktg7KA==",
      "dev": true,
      "requires": {
        "anymatch": "^3.0.1",
        "braces": "^3.0.2",
        "fsevents": "^2.0.6",
        "glob-parent": "^5.0.0",
        "is-binary-path": "^2.1.0",
        "is-glob": "^4.0.1",
        "normalize-path": "^3.0.0",
        "readdirp": "^3.1.1"
      }
    },
    "codemirror": {
      "version": "5.61.0",
      "resolved": "https://registry.npmjs.org/codemirror/-/codemirror-5.61.0.tgz",
      "integrity": "sha512-D3wYH90tYY1BsKlUe0oNj2JAhQ9TepkD51auk3N7q+4uz7A/cgJ5JsWHreT0PqieW1QhOuqxQ2reCXV1YXzecg==",
      "dev": true
    },
    "codemirror-spell-checker": {
      "version": "1.1.2",
      "resolved": "https://registry.npmjs.org/codemirror-spell-checker/-/codemirror-spell-checker-1.1.2.tgz",
      "integrity": "sha1-HGYPkIlIPMtRE7m6nKGcP0mTNx4=",
      "dev": true,
      "requires": {
        "typo-js": "*"
      }
    },
    "core-js": {
      "version": "2.6.10",
      "resolved": "https://registry.npmjs.org/core-js/-/core-js-2.6.10.tgz",
      "integrity": "sha512-I39t74+4t+zau64EN1fE5v2W31Adtc/REhzWN+gWRRXg6WH5qAsZm62DHpQ1+Yhe4047T55jvzz7MUqF/dBBlA==",
      "dev": true
    },
    "csscolorparser": {
      "version": "1.0.3",
      "resolved": "https://registry.npmjs.org/csscolorparser/-/csscolorparser-1.0.3.tgz",
      "integrity": "sha1-s085HupNqPPpgjHizNjfnAQfFxs=",
      "dev": true
    },
    "dagre": {
      "version": "0.8.5",
      "resolved": "https://registry.npmjs.org/dagre/-/dagre-0.8.5.tgz",
      "integrity": "sha512-/aTqmnRta7x7MCCpExk7HQL2O4owCT2h8NT//9I1OQ9vt29Pa0BzSAkR5lwFUcQ7491yVi/3CXU9jQ5o0Mn2Sw==",
      "dev": true,
      "requires": {
        "graphlib": "^2.1.8",
        "lodash": "^4.17.15"
      }
    },
    "director": {
      "version": "1.2.8",
      "resolved": "https://registry.npmjs.org/director/-/director-1.2.8.tgz",
      "integrity": "sha1-xtm03YkOmv9TZRg/6cyOc5lM8tU=",
      "dev": true
    },
    "easymde": {
      "version": "2.8.0",
      "resolved": "https://registry.npmjs.org/easymde/-/easymde-2.8.0.tgz",
      "integrity": "sha512-ci0c31shzLYO9OzTcCveEr5MMghO3f+BIa58HjEJf7nYMAQxNl4gCQSk2A8+k2jTsBYln2wSF/+4lSjkvgHQww==",
      "dev": true,
      "requires": {
        "codemirror": "^5.48.4",
        "codemirror-spell-checker": "1.1.2",
        "marked": "^0.7.0"
      }
    },
    "entities": {
      "version": "1.1.2",
      "resolved": "https://registry.npmjs.org/entities/-/entities-1.1.2.tgz",
      "integrity": "sha512-f2LZMYl1Fzu7YSBKg+RoROelpOaNrcGmE9AZubeDfrCEia483oW4MI4VyFd5VNHIgQ/7qm1I0wUHK1eJnn2y2w==",
      "dev": true
    },
    "eve": {
      "version": "git://github.com/adobe-webplatform/eve.git#eef80ed8d188423c2272746fb8ae5cc8dad84cb1",
      "from": "git://github.com/adobe-webplatform/eve.git#eef80ed",
      "dev": true
    },
    "fill-range": {
      "version": "7.0.1",
      "resolved": "https://registry.npmjs.org/fill-range/-/fill-range-7.0.1.tgz",
      "integrity": "sha512-qOo9F+dMUmC2Lcb4BbVvnKJxTPjCm+RRpe4gDuGrzkL7mEVl/djYSu2OdQ2Pa302N4oqkSg9ir6jaLWJ2USVpQ==",
      "dev": true,
      "requires": {
        "to-regex-range": "^5.0.1"
      }
    },
    "font-awesome": {
      "version": "4.7.0",
      "resolved": "https://registry.npmjs.org/font-awesome/-/font-awesome-4.7.0.tgz",
      "integrity": "sha1-j6jPBBGhoxr9B7BtKQK7n8gVoTM=",
      "dev": true
    },
    "froala-editor": {
      "version": "2.9.1",
      "resolved": "https://registry.npmjs.org/froala-editor/-/froala-editor-2.9.1.tgz",
      "integrity": "sha512-ZEyBnZ/J5w87pjh6F8pNdI0owJ8w3fvwqfOnfcVqHblBQ2A1yjeOfOEIsCUM3QbFscHqY2ChArRCfpDpGxy/Vw==",
      "dev": true,
      "requires": {
        "font-awesome": ">=4.4.0",
        "jquery": ">=1.11.0"
      }
    },
    "fs-extra": {
      "version": "7.0.1",
      "resolved": "https://registry.npmjs.org/fs-extra/-/fs-extra-7.0.1.tgz",
      "integrity": "sha512-YJDaCJZEnBmcbw13fvdAM9AwNOJwOzrE4pqMqBq5nFiEqXUqHwlK4B+3pUw6JNvfSPtX05xFHtYy/1ni01eGCw==",
      "dev": true,
      "requires": {
        "graceful-fs": "^4.1.2",
        "jsonfile": "^4.0.0",
        "universalify": "^0.1.0"
      }
    },
    "fsevents": {
      "version": "2.0.7",
      "resolved": "https://nexus.dev.convergencelabs.tech/repository/npm-all/fsevents/-/fsevents-2.0.7.tgz",
      "integrity": "sha512-a7YT0SV3RB+DjYcppwVDLtn13UQnmg0SWZS7ezZD0UjnLwXmy8Zm21GMVGLaFGimIqcvyMQaOJBrop8MyOp1kQ==",
      "dev": true,
      "optional": true
    },
    "glob-parent": {
      "version": "5.0.0",
      "resolved": "https://nexus.dev.convergencelabs.tech/repository/npm-all/glob-parent/-/glob-parent-5.0.0.tgz",
      "integrity": "sha512-Z2RwiujPRGluePM6j699ktJYxmPpJKCfpGA13jz2hmFZC7gKetzrWvg5KN3+OsIFmydGyZ1AVwERCq1w/ZZwRg==",
      "dev": true,
      "requires": {
        "is-glob": "^4.0.1"
      }
    },
    "graceful-fs": {
      "version": "4.1.15",
      "resolved": "https://registry.npmjs.org/graceful-fs/-/graceful-fs-4.1.15.tgz",
      "integrity": "sha512-6uHUhOPEBgQ24HM+r6b/QwWfZq+yiFcipKFrOFiBEnWdy5sdzYoi+pJeQaPI5qOLRFqWmAXUPQNsielzdLoecA==",
      "dev": true
    },
    "graphlib": {
      "version": "2.1.8",
      "resolved": "https://registry.npmjs.org/graphlib/-/graphlib-2.1.8.tgz",
      "integrity": "sha512-jcLLfkpoVGmH7/InMC/1hIvOPSUh38oJtGhvrOFGzioE1DZ+0YW16RgmOJhHiuWTvGiJQ9Z1Ik43JvkRPRvE+A==",
      "dev": true,
      "requires": {
        "lodash": "^4.17.15"
      }
    },
    "handlebars": {
      "version": "4.7.7",
      "resolved": "https://registry.npmjs.org/handlebars/-/handlebars-4.7.7.tgz",
      "integrity": "sha512-aAcXm5OAfE/8IXkcZvCepKU3VzW1/39Fb5ZuqMtgI/hT8X2YgoMvBY5dLhq/cpOvw7Lk1nK/UF71aLG/ZnVYRA==",
      "dev": true,
      "requires": {
        "minimist": "^1.2.5",
        "neo-async": "^2.6.0",
        "source-map": "^0.6.1",
        "uglify-js": "^3.1.4",
        "wordwrap": "^1.0.0"
      }
    },
    "highlight.js": {
      "version": "9.18.5",
      "resolved": "https://registry.npmjs.org/highlight.js/-/highlight.js-9.18.5.tgz",
      "integrity": "sha512-a5bFyofd/BHCX52/8i8uJkjr9DYwXIPnM/plwI6W7ezItLGqzt7X2G2nXuYSfsIJdkwwj/g9DG1LkcGJI/dDoA==",
      "dev": true
    },
    "is-binary-path": {
      "version": "2.1.0",
      "resolved": "https://registry.npmjs.org/is-binary-path/-/is-binary-path-2.1.0.tgz",
      "integrity": "sha512-ZMERYes6pDydyuGidse7OsHxtbI7WVeUEozgR/g7rd0xUimYNlvZRE/K2MgZTjWy725IfelLeVcEM97mmtRGXw==",
      "dev": true,
      "requires": {
        "binary-extensions": "^2.0.0"
      }
    },
    "is-extglob": {
      "version": "2.1.1",
      "resolved": "https://registry.npmjs.org/is-extglob/-/is-extglob-2.1.1.tgz",
      "integrity": "sha1-qIwCU1eR8C7TfHahueqXc8gz+MI=",
      "dev": true
    },
    "is-glob": {
      "version": "4.0.1",
      "resolved": "https://registry.npmjs.org/is-glob/-/is-glob-4.0.1.tgz",
      "integrity": "sha512-5G0tKtBTFImOqDnLB2hG6Bp2qcKEFduo4tZu9MT/H6NQv/ghhy30o55ufafxJ/LdH79LLs2Kfrn85TLKyA7BUg==",
      "dev": true,
      "requires": {
        "is-extglob": "^2.1.1"
      }
    },
    "is-number": {
      "version": "7.0.0",
      "resolved": "https://registry.npmjs.org/is-number/-/is-number-7.0.0.tgz",
      "integrity": "sha512-41Cifkg6e8TylSpdtTpeLVMqvSBEVzTttHvERD741+pnZ8ANv0004MRL43QKPDlK9cGvNp6NZWZUBlbGXYxxng==",
      "dev": true
    },
    "jointjs": {
      "version": "3.3.1",
      "resolved": "https://registry.npmjs.org/jointjs/-/jointjs-3.3.1.tgz",
      "integrity": "sha512-huaHHsBjmR5JntGhrW4HnpxXZ5IZvYe9cVcjRNOhx0DW5mvV+e4EUA0P+Qp3CodXwkZGy383EEUDg3iWbCPjsA==",
      "dev": true,
      "requires": {
        "backbone": "~1.4.0",
        "dagre": "~0.8.5",
        "graphlib": "~2.1.8",
        "jquery": "~3.5.1",
        "lodash": "~4.17.20"
      },
      "dependencies": {
        "jquery": {
          "version": "3.5.1",
          "resolved": "https://registry.npmjs.org/jquery/-/jquery-3.5.1.tgz",
          "integrity": "sha512-XwIBPqcMn57FxfT+Go5pzySnm4KWkT1Tv7gjrpT1srtf8Weynl6R273VJ5GjkRb51IzMp5nbaPjJXMWeju2MKg==",
          "dev": true
        }
      }
    },
    "jquery": {
      "version": "3.6.0",
      "resolved": "https://registry.npmjs.org/jquery/-/jquery-3.6.0.tgz",
      "integrity": "sha512-JVzAR/AjBvVt2BmYhxRCSYysDsPcssdmTFnzyLEts9qNwmjmu4JTAMYubEfwVOSwpQ1I1sKKFcxhZCI2buerfw==",
      "dev": true
    },
    "jsonfile": {
      "version": "4.0.0",
      "resolved": "https://registry.npmjs.org/jsonfile/-/jsonfile-4.0.0.tgz",
      "integrity": "sha1-h3Gq4HmbZAdrdmQPygWPnBDjPss=",
      "dev": true,
      "requires": {
        "graceful-fs": "^4.1.6"
      }
    },
    "linkify-it": {
      "version": "2.2.0",
      "resolved": "https://registry.npmjs.org/linkify-it/-/linkify-it-2.2.0.tgz",
      "integrity": "sha512-GnAl/knGn+i1U/wjBz3akz2stz+HrHLsxMwHQGofCDfPvlf+gDKN58UtfmUquTY4/MXeE2x7k19KQmeoZi94Iw==",
      "dev": true,
      "requires": {
        "uc.micro": "^1.0.1"
      }
    },
    "lodash": {
      "version": "4.17.21",
      "resolved": "https://registry.npmjs.org/lodash/-/lodash-4.17.21.tgz",
      "integrity": "sha512-v2kDEe57lecTulaDIuNTPy3Ry4gLGJ6Z1O3vE1krgXZNrsQ+LFTGHVxVjcXPs17LhbZVGedAJv8XZ1tvj5FvSg==",
      "dev": true
    },
    "long": {
      "version": "4.0.0",
      "resolved": "https://registry.npmjs.org/long/-/long-4.0.0.tgz",
      "integrity": "sha512-XsP+KhQif4bjX1kbuSiySJFNAehNxgLb6hPRGJ9QsUr8ajHkuXGdrHmFUTUUXhDwVX2R5bY4JNZEwbUiMhV+MA==",
      "dev": true
    },
    "markdown-it": {
      "version": "9.1.0",
      "resolved": "https://registry.npmjs.org/markdown-it/-/markdown-it-9.1.0.tgz",
      "integrity": "sha512-xHKG4C8iPriyfu/jc2hsCC045fKrMQ0VexX2F1FGYiRxDxqMB2aAhF8WauJ3fltn2kb90moGBkiiEdooGIg55w==",
      "dev": true,
      "requires": {
        "argparse": "^1.0.7",
        "entities": "~1.1.1",
        "linkify-it": "^2.0.0",
        "mdurl": "^1.0.1",
        "uc.micro": "^1.0.5"
      }
    },
    "marked": {
      "version": "0.7.0",
      "resolved": "https://registry.npmjs.org/marked/-/marked-0.7.0.tgz",
      "integrity": "sha512-c+yYdCZJQrsRjTPhUx7VKkApw9bwDkNbHUKo1ovgcfDjb2kc8rLuRbIFyXL5WOEUwzSSKo3IXpph2K6DqB/KZg==",
      "dev": true
    },
    "materialize-css": {
      "version": "1.0.0",
      "resolved": "https://registry.npmjs.org/materialize-css/-/materialize-css-1.0.0.tgz",
      "integrity": "sha512-4/oecXl8y/1i8RDZvyvwAICyqwNoKU4or5uf8uoAd74k76KzZ0Llym4zhJ5lLNUskcqjO0AuMcvNyDkpz8Z6zw==",
      "dev": true
    },
    "mdurl": {
      "version": "1.0.1",
      "resolved": "https://registry.npmjs.org/mdurl/-/mdurl-1.0.1.tgz",
      "integrity": "sha1-/oWy7HWlkDfyrf7BAP1sYBdhFS4=",
      "dev": true
    },
    "minimist": {
      "version": "1.2.5",
      "resolved": "https://registry.npmjs.org/minimist/-/minimist-1.2.5.tgz",
      "integrity": "sha512-FM9nNUYrRBAELZQT3xeZQ7fmMOBg6nWNmJKTcgsJeaLstP/UODVpGsr5OhXhhXg6f+qtJ8uiZ+PUxkDWcgIXLw==",
      "dev": true
    },
    "moment": {
      "version": "2.23.0",
      "resolved": "https://registry.npmjs.org/moment/-/moment-2.23.0.tgz",
      "integrity": "sha512-3IE39bHVqFbWWaPOMHZF98Q9c3LDKGTmypMiTM2QygGXXElkFWIH7GxfmlwmY2vwa+wmNsoYZmG2iusf1ZjJoA==",
      "dev": true
    },
    "monaco-editor": {
      "version": "0.15.6",
      "resolved": "https://registry.npmjs.org/monaco-editor/-/monaco-editor-0.15.6.tgz",
      "integrity": "sha512-JoU9V9k6KqT9R9Tiw1RTU8ohZ+Xnf9DMg6Ktqqw5hILumwmq7xqa/KLXw513uTUsWbhtnHoSJYYR++u3pkyxJg==",
      "dev": true
    },
    "mxgraph": {
      "version": "3.9.12",
      "resolved": "https://registry.npmjs.org/mxgraph/-/mxgraph-3.9.12.tgz",
      "integrity": "sha512-fm15Ro1bc/d3T/qvrkOIPjdAgyaKuaE6+olMpu9QZOm3aHWimu+W+dGAusW8VGVmaF4VYII11a5sVNdLekRoEw==",
      "dev": true
    },
    "neo-async": {
      "version": "2.6.2",
      "resolved": "https://registry.npmjs.org/neo-async/-/neo-async-2.6.2.tgz",
      "integrity": "sha512-Yd3UES5mWCSqR+qNT93S3UoYUkqAZ9lLg8a7g9rimsWmYGK8cVToA4/sF3RrshdyV3sAGMXVUmpMYOw+dLpOuw==",
      "dev": true
    },
    "normalize-path": {
      "version": "3.0.0",
      "resolved": "https://registry.npmjs.org/normalize-path/-/normalize-path-3.0.0.tgz",
      "integrity": "sha512-6eZs5Ls3WtCisHWp9S2GUy8dqkpGi4BVSz3GaqiE6ezub0512ESztXUwUB6C6IKbQkY2Pnb/mD4WYojCRwcwLA==",
      "dev": true
    },
    "nouislider": {
      "version": "12.1.0",
      "resolved": "https://registry.npmjs.org/nouislider/-/nouislider-12.1.0.tgz",
      "integrity": "sha512-SAOabF6hBm8201c6LDbkVOVhgwY49+/ms72ZLUF2qkN5RCf7FfUvEh/hGZ7XcwZHU+I/grlicPmcSk1/rrMnOw==",
      "dev": true
    },
    "picomatch": {
      "version": "2.0.7",
      "resolved": "https://nexus.dev.convergencelabs.tech/repository/npm-all/picomatch/-/picomatch-2.0.7.tgz",
      "integrity": "sha512-oLHIdio3tZ0qH76NybpeneBhYVj0QFTfXEFTc/B3zKQspYfYYkWYgFsmzo+4kvId/bQRcNkVeguI3y+CD22BtA==",
      "dev": true
    },
    "plantuml-encoder": {
      "version": "1.4.0",
      "resolved": "https://registry.npmjs.org/plantuml-encoder/-/plantuml-encoder-1.4.0.tgz",
      "integrity": "sha512-sxMwpDw/ySY1WB2CE3+IdMuEcWibJ72DDOsXLkSmEaSzwEUaYBT6DWgOfBiHGCux4q433X6+OEFWjlVqp7gL6g==",
      "dev": true
    },
    "popper.js": {
      "version": "1.14.7",
      "resolved": "https://registry.npmjs.org/popper.js/-/popper.js-1.14.7.tgz",
      "integrity": "sha512-4q1hNvoUre/8srWsH7hnoSJ5xVmIL4qgz+s4qf2TnJIMyZFUFMGH+9vE7mXynAlHSZ/NdTmmow86muD0myUkVQ==",
      "dev": true
    },
    "protobufjs": {
      "version": "6.8.8",
      "resolved": "https://registry.npmjs.org/protobufjs/-/protobufjs-6.8.8.tgz",
      "integrity": "sha512-AAmHtD5pXgZfi7GMpllpO3q1Xw1OYldr+dMUlAnffGTAhqkg72WdmSY71uKBF/JuyiKs8psYbtKrhi0ASCD8qw==",
      "dev": true,
      "requires": {
        "@protobufjs/aspromise": "^1.1.2",
        "@protobufjs/base64": "^1.1.2",
        "@protobufjs/codegen": "^2.0.4",
        "@protobufjs/eventemitter": "^1.1.0",
        "@protobufjs/fetch": "^1.1.0",
        "@protobufjs/float": "^1.0.2",
        "@protobufjs/inquire": "^1.1.0",
        "@protobufjs/path": "^1.1.2",
        "@protobufjs/pool": "^1.1.0",
        "@protobufjs/utf8": "^1.1.0",
        "@types/long": "^4.0.0",
        "@types/node": "^10.1.0",
        "long": "^4.0.0"
      }
    },
    "raphael": {
      "version": "git+https://github.com/nhn/raphael.git#78a6ed3ec269f33b6457b0ec66f8c3d1f2ed70e0",
      "from": "git+https://github.com/nhn/raphael.git#2.2.0-c",
      "dev": true,
      "requires": {
        "eve": "git://github.com/adobe-webplatform/eve.git#eef80ed"
      }
    },
    "readdirp": {
      "version": "3.1.2",
      "resolved": "https://nexus.dev.convergencelabs.tech/repository/npm-all/readdirp/-/readdirp-3.1.2.tgz",
      "integrity": "sha512-8rhl0xs2cxfVsqzreYCvs8EwBfn/DhVdqtoLmw19uI3SC5avYX9teCurlErfpPXGmYtMHReGaP2RsLnFvz/lnw==",
      "dev": true,
      "requires": {
        "picomatch": "^2.0.4"
      }
    },
    "regenerator-runtime": {
      "version": "0.10.5",
      "resolved": "https://registry.npmjs.org/regenerator-runtime/-/regenerator-runtime-0.10.5.tgz",
      "integrity": "sha1-M2w+/BIgrc7dosn6tntaeVWjNlg=",
      "dev": true
    },
    "resize-observer-polyfill": {
      "version": "1.5.1",
      "resolved": "https://registry.npmjs.org/resize-observer-polyfill/-/resize-observer-polyfill-1.5.1.tgz",
      "integrity": "sha512-LwZrotdHOo12nQuZlHEmtuXdqGoOD0OhaxopaNFxWzInpEgaLWoVuAMbTzixuosCx2nEG58ngzW3vxdWoxIgdg==",
      "dev": true
    },
    "rxjs": {
      "version": "6.6.0",
      "resolved": "https://registry.npmjs.org/rxjs/-/rxjs-6.6.0.tgz",
      "integrity": "sha512-3HMA8z/Oz61DUHe+SdOiQyzIf4tOx5oQHmMir7IZEu6TMqCLHT4LRcmNaUS0NwOz8VLvmmBduMsoaUvMaIiqzg==",
      "dev": true,
      "requires": {
        "tslib": "^1.9.0"
      }
    },
    "sass": {
      "version": "1.23.0-module.beta.1",
      "resolved": "https://nexus.dev.convergencelabs.tech/repository/npm-all/sass/-/sass-1.23.0-module.beta.1.tgz",
      "integrity": "sha512-Cb6l+z/z5mIpOe8lPp+DttHhHyb6J8SsscSIhLUzqDH2Ta2+9mpz8TRvYezD1n+Ey1TWi3EKz8VUPg42Zc1vmA==",
      "dev": true,
      "requires": {
        "chokidar": ">=2.0.0 <4.0.0"
      }
    },
    "source-map": {
      "version": "0.6.1",
      "resolved": "https://registry.npmjs.org/source-map/-/source-map-0.6.1.tgz",
      "integrity": "sha512-UjgapumWlbMhkBgzT7Ykc5YXUT46F0iKu8SGXq0bcwP5dz/h0Plj6enJqjz1Zbq2l5WaqYnrVbwWOWMyF3F47g==",
      "dev": true
    },
    "sprintf-js": {
      "version": "1.0.3",
      "resolved": "https://registry.npmjs.org/sprintf-js/-/sprintf-js-1.0.3.tgz",
      "integrity": "sha1-BOaSb2YolTVPPdAVIDYzuFcpfiw=",
      "dev": true
    },
    "squire-rte": {
      "version": "github:seonim-ryu/Squire#fd40b4e3020845825701e9689f190bab3f4775d4",
      "from": "github:seonim-ryu/Squire#fd40b4e3020845825701e9689f190bab3f4775d4",
      "dev": true
    },
    "to-mark": {
      "version": "1.1.9",
      "resolved": "https://registry.npmjs.org/to-mark/-/to-mark-1.1.9.tgz",
      "integrity": "sha512-qHVnIhvwJbIIqOjuJgH2JlOmV/wPSSAY0QOQ47xQb9VPCzhV0Nd23+bBD4K/mzDGJA5lckZMfkgLScYvqKnPpg==",
      "dev": true
    },
    "to-regex-range": {
      "version": "5.0.1",
      "resolved": "https://registry.npmjs.org/to-regex-range/-/to-regex-range-5.0.1.tgz",
      "integrity": "sha512-65P7iz6X5yEr1cwcgvQxbbIw7Uk3gOy5dIdtZ4rDveLqhrdJP+Li/Hx6tyK0NEb+2GCyneCMJiGqrADCSNk8sQ==",
      "dev": true,
      "requires": {
        "is-number": "^7.0.0"
      }
    },
    "toastr": {
      "version": "2.1.4",
      "resolved": "https://registry.npmjs.org/toastr/-/toastr-2.1.4.tgz",
      "integrity": "sha1-i0O+ZPudDEFIcURvLbjoyk6V8YE=",
      "dev": true,
      "requires": {
        "jquery": ">=1.12.0"
      }
    },
    "tslib": {
      "version": "1.9.3",
      "resolved": "https://registry.npmjs.org/tslib/-/tslib-1.9.3.tgz",
      "integrity": "sha512-4krF8scpejhaOgqzBEcGM7yDIEfi0/8+8zDRZhNZZ2kjmHJ4hv3zCbQWxoJGz1iw5U0Jl0nma13xzHXcncMavQ==",
      "dev": true
    },
    "tui-chart": {
      "version": "3.9.0",
      "resolved": "https://registry.npmjs.org/tui-chart/-/tui-chart-3.9.0.tgz",
      "integrity": "sha512-5QRGRiUbrFgdDcIRQr3AuJgzO/2nJ0WKboFXtm/9vqscYv35dRDK9zF8T4584M5kr5F/cAjTQWWgTpKb3i9y7Q==",
      "dev": true,
      "requires": {
        "babel-polyfill": "^6.26.0",
        "raphael": "git+https://github.com/nhn/raphael.git#2.2.0-c",
        "tui-code-snippet": "^1.5.0"
      }
    },
    "tui-code-snippet": {
      "version": "1.5.2",
      "resolved": "https://registry.npmjs.org/tui-code-snippet/-/tui-code-snippet-1.5.2.tgz",
      "integrity": "sha512-6UqTlQaaC1KLcmC0HAoq5dtl1G4Fib+R+NC7pmaV7kiIlZ7JqKhUmnOoGRcreAyzd81UTK/vCvhrw9QJskpCFQ==",
      "dev": true
    },
    "tui-color-picker": {
      "version": "2.2.5",
      "resolved": "https://registry.npmjs.org/tui-color-picker/-/tui-color-picker-2.2.5.tgz",
      "integrity": "sha512-pOQ+PurQtBhY2Yk5jKLI4yoDncj21w0xbpA10E17zBzD6B5HlSKayOsiqS97x4BNw19VMg5E9z9cTk7zAgwy9g==",
      "dev": true,
      "requires": {
        "tui-code-snippet": "^1.5.0"
      }
    },
    "tui-editor": {
      "version": "1.4.8",
      "resolved": "https://registry.npmjs.org/tui-editor/-/tui-editor-1.4.8.tgz",
      "integrity": "sha512-D17PMI+RAc26sNkrItMOxRI3Bf7S796GTEJzrUFfPmk/9XX8Yb7nivA6lOBOVsIaGnGRdI4pZQs0C6SNai5wtA==",
      "dev": true,
      "requires": {
        "@types/codemirror": "0.0.71",
        "@types/jquery": "^3.3.29",
        "@types/markdown-it": "0.0.7",
        "codemirror": "^5.48.4",
        "highlight.js": "^9.12.0",
        "jquery": "^3.3.1",
        "markdown-it": "^9.0.0",
        "plantuml-encoder": "^1.2.5",
        "resize-observer-polyfill": "^1.5.0",
        "squire-rte": "github:seonim-ryu/Squire#fd40b4e3020845825701e9689f190bab3f4775d4",
        "to-mark": "^1.1.9",
        "tui-chart": "^3.7.0",
        "tui-code-snippet": "^1.5.0",
        "tui-color-picker": "^2.2.1"
      },
      "dependencies": {
        "@types/codemirror": {
          "version": "0.0.71",
          "resolved": "https://registry.npmjs.org/@types/codemirror/-/codemirror-0.0.71.tgz",
          "integrity": "sha512-b2oEEnno1LIGKMR7uBEsr40al1UijF1HEpRn0+Yf1xOLl24iQgB7DBpZVMM7y54G5wCNoclDrRO65E6KHPNO2w==",
          "dev": true,
          "requires": {
            "@types/tern": "*"
          }
        }
      }
    },
    "typo-js": {
      "version": "1.0.3",
      "resolved": "https://registry.npmjs.org/typo-js/-/typo-js-1.0.3.tgz",
      "integrity": "sha1-VNjrx5SfGngQkItgAsaEFSbJnVo=",
      "dev": true
    },
    "uc.micro": {
      "version": "1.0.6",
      "resolved": "https://registry.npmjs.org/uc.micro/-/uc.micro-1.0.6.tgz",
      "integrity": "sha512-8Y75pvTYkLJW2hWQHXxoqRgV7qb9B+9vFEtidML+7koHUFapnVJAZ6cKs+Qjz5Aw3aZWHMC6u0wJE3At+nSGwA==",
      "dev": true
    },
    "uglify-js": {
      "version": "3.13.6",
      "resolved": "https://registry.npmjs.org/uglify-js/-/uglify-js-3.13.6.tgz",
      "integrity": "sha512-rRprLwl8RVaS+Qvx3Wh5hPfPBn9++G6xkGlUupya0s5aDmNjI7z3lnRLB3u7sN4OmbB0pWgzhM9BEJyiWAwtAA==",
      "dev": true,
      "optional": true
    },
    "underscore": {
      "version": "1.13.1",
      "resolved": "https://registry.npmjs.org/underscore/-/underscore-1.13.1.tgz",
      "integrity": "sha512-hzSoAVtJF+3ZtiFX0VgfFPHEDRm7Y/QPjGyNo4TVdnDTdft3tr8hEkD25a1jC+TjTuE7tkHGKkhwCgs9dgBB2g==",
      "dev": true
    },
    "universalify": {
      "version": "0.1.2",
      "resolved": "https://registry.npmjs.org/universalify/-/universalify-0.1.2.tgz",
      "integrity": "sha512-rBJeI5CXAlmy1pV+617WB9J63U6XcazHHF2f2dbJix4XzpUF0RS3Zbj0FGIOCAva5P/d/GBOYaACQ1w+0azUkg==",
      "dev": true
    },
    "vue": {
      "version": "2.6.10",
      "resolved": "https://registry.npmjs.org/vue/-/vue-2.6.10.tgz",
      "integrity": "sha512-ImThpeNU9HbdZL3utgMCq0oiMzAkt1mcgy3/E6zWC/G6AaQoeuFdsl9nDhTDU3X1R6FK7nsIUuRACVcjI+A2GQ==",
      "dev": true
    },
    "wordwrap": {
      "version": "1.0.0",
      "resolved": "https://registry.npmjs.org/wordwrap/-/wordwrap-1.0.0.tgz",
      "integrity": "sha1-J1hIEIkUVqQXHI0CJkQa3pDLyus=",
      "dev": true
    }
  }
}
